{
  "name": "scale-grid",
  "version": "0.2.0",
  "lockfileVersion": 1,
  "requires": true,
  "dependencies": {
    "web-js-utils": {
      "version": "2.0.2",
      "resolved": "https://registry.npmjs.org/web-js-utils/-/web-js-utils-2.0.2.tgz",
      "integrity": "sha512-Y/wEjaWGTK3sfqJhbU2XHi0KZm4VUOUiTxju64oBwO41NSIm4KNV0kDGucQqQW4cfbG22bWfY6J4LWza05bOzQ=="
    }
  }
}
