{
  "name": "scale-grid",
  "version": "1.1.0",
  "lockfileVersion": 1,
  "requires": true,
  "dependencies": {
    "amator": {
      "version": "1.1.0",
      "resolved": "https://registry.npmjs.org/amator/-/amator-1.1.0.tgz",
      "integrity": "sha1-CMa2C8k67Cthu/wMTWd9MDI8wPE=",
      "requires": {
        "bezier-easing": "^2.0.3"
      }
    },
    "bezier-easing": {
      "version": "2.1.0",
      "resolved": "https://registry.npmjs.org/bezier-easing/-/bezier-easing-2.1.0.tgz",
      "integrity": "sha1-wE3+i5JtbsrKGBPWn/F5t8ICXYY="
    },
    "ngraph.events": {
      "version": "1.2.1",
      "resolved": "https://registry.npmjs.org/ngraph.events/-/ngraph.events-1.2.1.tgz",
      "integrity": "sha512-D4C+nXH/RFxioGXQdHu8ELDtC6EaCiNsZtih0IvyGN81OZSUby4jXoJ5+RNWasfsd0FnKxxpAROyUMzw64QNsw=="
    },
    "panzoom": {
      "version": "9.2.5",
      "resolved": "https://registry.npmjs.org/panzoom/-/panzoom-9.2.5.tgz",
      "integrity": "sha512-LHWiSE2xIaCyg5yXjSpl91uHQIv+IKPIqCpCKnMEOmb/7G3iUlLwlH3a/1Hyq7HPr348kmvJHeDsv9SlUFrl1w==",
      "requires": {
        "amator": "^1.1.0",
        "ngraph.events": "^1.2.1",
        "wheel": "^1.0.0"
      }
    },
    "web-js-utils": {
      "version": "2.0.2",
      "resolved": "https://registry.npmjs.org/web-js-utils/-/web-js-utils-2.0.2.tgz",
      "integrity": "sha512-Y/wEjaWGTK3sfqJhbU2XHi0KZm4VUOUiTxju64oBwO41NSIm4KNV0kDGucQqQW4cfbG22bWfY6J4LWza05bOzQ=="
    },
    "wheel": {
      "version": "1.0.0",
      "resolved": "https://registry.npmjs.org/wheel/-/wheel-1.0.0.tgz",
      "integrity": "sha512-XiCMHibOiqalCQ+BaNSwRoZ9FDTAvOsXxGHXChBugewDj7HC8VBIER71dEOiRH1fSdLbRCQzngKTSiZ06ZQzeA=="
    }
  }
}
